
Microsoft Visual Studio Solution File, Format Version 12.00
# Visual Studio 2013
VisualStudioVersion = 12.0.30110.0
MinimumVisualStudioVersion = 10.0.40219.1
Project("{8BC9CEB8-8B4A-11D0-8D11-00A0C91BC942}") = "FTS Arcade", "FTS Arcade\FTS Arcade.vcxproj", "{508F6E17-8FDE-4426-9BCA-B460735E28A0}"
EndProject
Project("{8BC9CEB8-8B4A-11D0-8D11-00A0C91BC942}") = "InputHandler", "InputHandler\InputHandler.vcxproj", "{F095ECB6-CA29-4970-8CBD-211448A6A32B}"
EndProject
Project("{8BC9CEB8-8B4A-11D0-8D11-00A0C91BC942}") = "PythonExec", "PythonExec\PythonExec.vcxproj", "{29636B8F-55EE-4FA3-95A9-E436AD3D3993}"
EndProject
Global
	GlobalSection(SolutionConfigurationPlatforms) = preSolution
		Debug|Win32 = Debug|Win32
		Release|Win32 = Release|Win32
	EndGlobalSection
	GlobalSection(ProjectConfigurationPlatforms) = postSolution
		{508F6E17-8FDE-4426-9BCA-B460735E28A0}.Debug|Win32.ActiveCfg = Debug|Win32
		{508F6E17-8FDE-4426-9BCA-B460735E28A0}.Debug|Win32.Build.0 = Debug|Win32
		{508F6E17-8FDE-4426-9BCA-B460735E28A0}.Release|Win32.ActiveCfg = Release|Win32
		{508F6E17-8FDE-4426-9BCA-B460735E28A0}.Release|Win32.Build.0 = Release|Win32
		{F095ECB6-CA29-4970-8CBD-211448A6A32B}.Debug|Win32.ActiveCfg = Debug|Win32
		{F095ECB6-CA29-4970-8CBD-211448A6A32B}.Debug|Win32.Build.0 = Debug|Win32
		{F095ECB6-CA29-4970-8CBD-211448A6A32B}.Release|Win32.ActiveCfg = Release|Win32
		{F095ECB6-CA29-4970-8CBD-211448A6A32B}.Release|Win32.Build.0 = Release|Win32
		{29636B8F-55EE-4FA3-95A9-E436AD3D3993}.Debug|Win32.ActiveCfg = Debug|Win32
		{29636B8F-55EE-4FA3-95A9-E436AD3D3993}.Debug|Win32.Build.0 = Debug|Win32
		{29636B8F-55EE-4FA3-95A9-E436AD3D3993}.Release|Win32.ActiveCfg = Release|Win32
		{29636B8F-55EE-4FA3-95A9-E436AD3D3993}.Release|Win32.Build.0 = Release|Win32
	EndGlobalSection
	GlobalSection(SolutionProperties) = preSolution
		HideSolutionNode = FALSE
	EndGlobalSection
EndGlobal
